{
  "requires": true,
  "lockfileVersion": 1,
  "dependencies": {
    "98.css": {
      "version": "0.1.20",
      "resolved": "https://registry.npmjs.org/98.css/-/98.css-0.1.20.tgz",
      "integrity": "sha512-9oM+AZMfxG59Zz+bnAjIxAX2AKnBPkEJjf84ATto0wUNdRPxV+jhov1rHKe/wl6D0giuWwY603RxwrVVG4v2sA=="
    },
    "system.css": {
      "version": "0.5.3",
      "resolved": "https://registry.npmjs.org/system.css/-/system.css-0.5.3.tgz",
      "integrity": "sha512-XXyHnZbVcjk96QRICXrHOJlT0mP5c8TUjM4fkXTz9Ia7xkd27BqbWuX81iKMF3dPJ5Z1jtv7x3nMANuz/l7hfg=="
    }
  }
}
